// !$*UTF8*$!
{
	archiveVersion = 1;
	classes = {
	};
	objectVersion = 46;
	objects = {

/* Begin PBXBuildFile section */
		2DD56BEFAA38B1385E6D153B /* Pods_RecommendRestaurant2Tests.framework in Frameworks */ = {isa = PBXBuildFile; fileRef = 7B41BEA1B10293E3ACE7DFBF /* Pods_RecommendRestaurant2Tests.framework */; };
		5B702DD47B53C602D4FA8B00 /* Pods_RecommendRestaurant2.framework in Frameworks */ = {isa = PBXBuildFile; fileRef = 143AA7BD7CD38931F656CFCF /* Pods_RecommendRestaurant2.framework */; };
		5BCF6AB671412913D637D2CD /* Pods_RecommendRestaurant2UITests.framework in Frameworks */ = {isa = PBXBuildFile; fileRef = 766A81430542E64329F9DBAD /* Pods_RecommendRestaurant2UITests.framework */; };
		F903FB2F1F092E5900E7F1AF /* yousyoku.jpeg in Resources */ = {isa = PBXBuildFile; fileRef = F903FB2D1F092E5900E7F1AF /* yousyoku.jpeg */; };
		F916A75F1F1B4D300038968E /* Maps-icon4.png in Resources */ = {isa = PBXBuildFile; fileRef = F916A75E1F1B4D300038968E /* Maps-icon4.png */; };
		F916A7651F1CA3DC0038968E /* ajian.jpeg in Resources */ = {isa = PBXBuildFile; fileRef = F916A7641F1CA3DC0038968E /* ajian.jpeg */; };
		F916A77C1F1CA3E70038968E /* bar.jpeg in Resources */ = {isa = PBXBuildFile; fileRef = F916A7661F1CA3E70038968E /* bar.jpeg */; };
		F916A77D1F1CA3E70038968E /* bistoro.jpeg in Resources */ = {isa = PBXBuildFile; fileRef = F916A7671F1CA3E70038968E /* bistoro.jpeg */; };
		F916A77E1F1CA3E70038968E /* cafe.jpeg in Resources */ = {isa = PBXBuildFile; fileRef = F916A7681F1CA3E70038968E /* cafe.jpeg */; };
		F916A77F1F1CA3E70038968E /* french.jpeg in Resources */ = {isa = PBXBuildFile; fileRef = F916A7691F1CA3E70038968E /* french.jpeg */; };
		F916A7801F1CA3E70038968E /* indo.jpeg in Resources */ = {isa = PBXBuildFile; fileRef = F916A76A1F1CA3E70038968E /* indo.jpeg */; };
		F916A7811F1CA3E70038968E /* italian.jpeg in Resources */ = {isa = PBXBuildFile; fileRef = F916A76B1F1CA3E70038968E /* italian.jpeg */; };
		F916A7821F1CA3E70038968E /* kannkokuryouri.jpeg in Resources */ = {isa = PBXBuildFile; fileRef = F916A76C1F1CA3E70038968E /* kannkokuryouri.jpeg */; };
		F916A7831F1CA3E70038968E /* karaoke.jpeg in Resources */ = {isa = PBXBuildFile; fileRef = F916A76D1F1CA3E70038968E /* karaoke.jpeg */; };
		F916A7841F1CA3E70038968E /* nihonnryouri.jpeg in Resources */ = {isa = PBXBuildFile; fileRef = F916A76E1F1CA3E70038968E /* nihonnryouri.jpeg */; };
		F916A7851F1CA3E70038968E /* okonomiyaki.jpeg in Resources */ = {isa = PBXBuildFile; fileRef = F916A76F1F1CA3E70038968E /* okonomiyaki.jpeg */; };
		F916A7861F1CA3E70038968E /* pasta.jpeg in Resources */ = {isa = PBXBuildFile; fileRef = F916A7701F1CA3E70038968E /* pasta.jpeg */; };
		F916A7871F1CA3E70038968E /* ramenn.jpeg in Resources */ = {isa = PBXBuildFile; fileRef = F916A7711F1CA3E70038968E /* ramenn.jpeg */; };
		F916A7881F1CA3E70038968E /* sousakuryouri.jpeg in Resources */ = {isa = PBXBuildFile; fileRef = F916A7721F1CA3E70038968E /* sousakuryouri.jpeg */; };
		F916A7891F1CA3E70038968E /* spein.jepg.jpeg in Resources */ = {isa = PBXBuildFile; fileRef = F916A7731F1CA3E70038968E /* spein.jepg.jpeg */; };
		F916A78A1F1CA3E70038968E /* steak.jpeg in Resources */ = {isa = PBXBuildFile; fileRef = F916A7741F1CA3E70038968E /* steak.jpeg */; };
		F916A78B1F1CA3E70038968E /* suhsi.jpeg in Resources */ = {isa = PBXBuildFile; fileRef = F916A7751F1CA3E70038968E /* suhsi.jpeg */; };
		F916A78C1F1CA3E70038968E /* syabusyabu.jpeg in Resources */ = {isa = PBXBuildFile; fileRef = F916A7761F1CA3E70038968E /* syabusyabu.jpeg */; };
		F916A78D1F1CA3E70038968E /* thai.jepg.jpg in Resources */ = {isa = PBXBuildFile; fileRef = F916A7771F1CA3E70038968E /* thai.jepg.jpg */; };
		F916A78E1F1CA3E70038968E /* tyuka.jpeg in Resources */ = {isa = PBXBuildFile; fileRef = F916A7781F1CA3E70038968E /* tyuka.jpeg */; };
		F916A78F1F1CA3E70038968E /* udon.jpeg in Resources */ = {isa = PBXBuildFile; fileRef = F916A7791F1CA3E70038968E /* udon.jpeg */; };
		F916A7901F1CA3E70038968E /* wasyoku.jpeg in Resources */ = {isa = PBXBuildFile; fileRef = F916A77A1F1CA3E70038968E /* wasyoku.jpeg */; };
		F916A7911F1CA3E70038968E /* wasyoku.jpg in Resources */ = {isa = PBXBuildFile; fileRef = F916A77B1F1CA3E70038968E /* wasyoku.jpg */; };
		F91C3BC31F231E7100950A15 /* back.png in Resources */ = {isa = PBXBuildFile; fileRef = F91C3BC21F231E7100950A15 /* back.png */; };
		F91C3BC51F231E7E00950A15 /* back1.jpeg in Resources */ = {isa = PBXBuildFile; fileRef = F91C3BC41F231E7E00950A15 /* back1.jpeg */; };
		F91C3BC71F231E8200950A15 /* back2.png in Resources */ = {isa = PBXBuildFile; fileRef = F91C3BC61F231E8200950A15 /* back2.png */; };
		F91C3BC91F231E8700950A15 /* diningbar.jpeg in Resources */ = {isa = PBXBuildFile; fileRef = F91C3BC81F231E8700950A15 /* diningbar.jpeg */; };
		F91C3BCB1F231E8B00950A15 /* loading1.gif in Resources */ = {isa = PBXBuildFile; fileRef = F91C3BCA1F231E8B00950A15 /* loading1.gif */; };
		F91C3BCD1F231E8F00950A15 /* yellowCircle.png in Resources */ = {isa = PBXBuildFile; fileRef = F91C3BCC1F231E8F00950A15 /* yellowCircle.png */; };
		F91FDD671F02945100641B83 /* AppDelegate.swift in Sources */ = {isa = PBXBuildFile; fileRef = F91FDD661F02945100641B83 /* AppDelegate.swift */; };
		F91FDD691F02945100641B83 /* ViewController.swift in Sources */ = {isa = PBXBuildFile; fileRef = F91FDD681F02945100641B83 /* ViewController.swift */; };
		F91FDD6C1F02945100641B83 /* Main.storyboard in Resources */ = {isa = PBXBuildFile; fileRef = F91FDD6A1F02945100641B83 /* Main.storyboard */; };
		F91FDD6F1F02945100641B83 /* RecommendRestaurant2.xcdatamodeld in Sources */ = {isa = PBXBuildFile; fileRef = F91FDD6D1F02945100641B83 /* RecommendRestaurant2.xcdatamodeld */; };
		F91FDD711F02945100641B83 /* Assets.xcassets in Resources */ = {isa = PBXBuildFile; fileRef = F91FDD701F02945100641B83 /* Assets.xcassets */; };
		F91FDD741F02945100641B83 /* LaunchScreen.storyboard in Resources */ = {isa = PBXBuildFile; fileRef = F91FDD721F02945100641B83 /* LaunchScreen.storyboard */; };
		F91FDD7F1F02945100641B83 /* RecommendRestaurant2Tests.swift in Sources */ = {isa = PBXBuildFile; fileRef = F91FDD7E1F02945100641B83 /* RecommendRestaurant2Tests.swift */; };
		F91FDD8A1F02945100641B83 /* RecommendRestaurant2UITests.swift in Sources */ = {isa = PBXBuildFile; fileRef = F91FDD891F02945100641B83 /* RecommendRestaurant2UITests.swift */; };
		F91FDD981F02955F00641B83 /* GenreViewController.swift in Sources */ = {isa = PBXBuildFile; fileRef = F91FDD971F02955F00641B83 /* GenreViewController.swift */; };
		F97F1AB21F125E4200461A6B /* Item.swift in Sources */ = {isa = PBXBuildFile; fileRef = F97F1AB11F125E4200461A6B /* Item.swift */; };
		F97F1B661F17D8ED00461A6B /* customeCell.swift in Sources */ = {isa = PBXBuildFile; fileRef = F97F1B651F17D8ED00461A6B /* customeCell.swift */; };
		F97F1B681F19C41500461A6B /* yakiniku.jpeg in Resources */ = {isa = PBXBuildFile; fileRef = F97F1B671F19C41500461A6B /* yakiniku.jpeg */; };
		F99B54871F23989C0047F536 /* haruki_icon.png in Resources */ = {isa = PBXBuildFile; fileRef = F99B54861F23989C0047F536 /* haruki_icon.png */; };
		F99B54891F2398C80047F536 /* haruki_icon_2.png in Resources */ = {isa = PBXBuildFile; fileRef = F99B54881F2398C80047F536 /* haruki_icon_2.png */; };
		F99B548F1F239D0C0047F536 /* izakaya.jpeg in Resources */ = {isa = PBXBuildFile; fileRef = F99B548E1F239D0C0047F536 /* izakaya.jpeg */; };
/* End PBXBuildFile section */

/* Begin PBXContainerItemProxy section */
		F91FDD7B1F02945100641B83 /* PBXContainerItemProxy */ = {
			isa = PBXContainerItemProxy;
			containerPortal = F91FDD5B1F02945100641B83 /* Project object */;
			proxyType = 1;
			remoteGlobalIDString = F91FDD621F02945100641B83;
			remoteInfo = RecommendRestaurant2;
		};
		F91FDD861F02945100641B83 /* PBXContainerItemProxy */ = {
			isa = PBXContainerItemProxy;
			containerPortal = F91FDD5B1F02945100641B83 /* Project object */;
			proxyType = 1;
			remoteGlobalIDString = F91FDD621F02945100641B83;
			remoteInfo = RecommendRestaurant2;
		};
/* End PBXContainerItemProxy section */

/* Begin PBXFileReference section */
		03D00AD679DD91CDF582529D /* Pods-RecommendRestaurant2Tests.release.xcconfig */ = {isa = PBXFileReference; includeInIndex = 1; lastKnownFileType = text.xcconfig; name = "Pods-RecommendRestaurant2Tests.release.xcconfig"; path = "Pods/Target Support Files/Pods-RecommendRestaurant2Tests/Pods-RecommendRestaurant2Tests.release.xcconfig"; sourceTree = "<group>"; };
		143AA7BD7CD38931F656CFCF /* Pods_RecommendRestaurant2.framework */ = {isa = PBXFileReference; explicitFileType = wrapper.framework; includeInIndex = 0; path = Pods_RecommendRestaurant2.framework; sourceTree = BUILT_PRODUCTS_DIR; };
		1B48E989F783931D49356F29 /* Pods-RecommendRestaurant2UITests.release.xcconfig */ = {isa = PBXFileReference; includeInIndex = 1; lastKnownFileType = text.xcconfig; name = "Pods-RecommendRestaurant2UITests.release.xcconfig"; path = "Pods/Target Support Files/Pods-RecommendRestaurant2UITests/Pods-RecommendRestaurant2UITests.release.xcconfig"; sourceTree = "<group>"; };
		766A81430542E64329F9DBAD /* Pods_RecommendRestaurant2UITests.framework */ = {isa = PBXFileReference; explicitFileType = wrapper.framework; includeInIndex = 0; path = Pods_RecommendRestaurant2UITests.framework; sourceTree = BUILT_PRODUCTS_DIR; };
		7B41BEA1B10293E3ACE7DFBF /* Pods_RecommendRestaurant2Tests.framework */ = {isa = PBXFileReference; explicitFileType = wrapper.framework; includeInIndex = 0; path = Pods_RecommendRestaurant2Tests.framework; sourceTree = BUILT_PRODUCTS_DIR; };
		C4BFF9AADA6EDD16AFA18F13 /* Pods-RecommendRestaurant2UITests.debug.xcconfig */ = {isa = PBXFileReference; includeInIndex = 1; lastKnownFileType = text.xcconfig; name = "Pods-RecommendRestaurant2UITests.debug.xcconfig"; path = "Pods/Target Support Files/Pods-RecommendRestaurant2UITests/Pods-RecommendRestaurant2UITests.debug.xcconfig"; sourceTree = "<group>"; };
		EDA41CC5B4548CAC8EDADDF6 /* Pods-RecommendRestaurant2Tests.debug.xcconfig */ = {isa = PBXFileReference; includeInIndex = 1; lastKnownFileType = text.xcconfig; name = "Pods-RecommendRestaurant2Tests.debug.xcconfig"; path = "Pods/Target Support Files/Pods-RecommendRestaurant2Tests/Pods-RecommendRestaurant2Tests.debug.xcconfig"; sourceTree = "<group>"; };
		EF2B40F150ACB51E87F4736B /* Pods-RecommendRestaurant2.release.xcconfig */ = {isa = PBXFileReference; includeInIndex = 1; lastKnownFileType = text.xcconfig; name = "Pods-RecommendRestaurant2.release.xcconfig"; path = "Pods/Target Support Files/Pods-RecommendRestaurant2/Pods-RecommendRestaurant2.release.xcconfig"; sourceTree = "<group>"; };
		F37B4F4F6F138C37EB118AD0 /* Pods-RecommendRestaurant2.debug.xcconfig */ = {isa = PBXFileReference; includeInIndex = 1; lastKnownFileType = text.xcconfig; name = "Pods-RecommendRestaurant2.debug.xcconfig"; path = "Pods/Target Support Files/Pods-RecommendRestaurant2/Pods-RecommendRestaurant2.debug.xcconfig"; sourceTree = "<group>"; };
		F903FB2D1F092E5900E7F1AF /* yousyoku.jpeg */ = {isa = PBXFileReference; lastKnownFileType = image.jpeg; path = yousyoku.jpeg; sourceTree = "<group>"; };
		F916A75E1F1B4D300038968E /* Maps-icon4.png */ = {isa = PBXFileReference; lastKnownFileType = image.png; path = "Maps-icon4.png"; sourceTree = "<group>"; };
		F916A7641F1CA3DC0038968E /* ajian.jpeg */ = {isa = PBXFileReference; lastKnownFileType = image.jpeg; name = ajian.jpeg; path = ../ajian.jpeg; sourceTree = "<group>"; };
		F916A7661F1CA3E70038968E /* bar.jpeg */ = {isa = PBXFileReference; lastKnownFileType = image.jpeg; name = bar.jpeg; path = ../bar.jpeg; sourceTree = "<group>"; };
		F916A7671F1CA3E70038968E /* bistoro.jpeg */ = {isa = PBXFileReference; lastKnownFileType = image.jpeg; name = bistoro.jpeg; path = ../bistoro.jpeg; sourceTree = "<group>"; };
		F916A7681F1CA3E70038968E /* cafe.jpeg */ = {isa = PBXFileReference; lastKnownFileType = image.jpeg; name = cafe.jpeg; path = ../cafe.jpeg; sourceTree = "<group>"; };
		F916A7691F1CA3E70038968E /* french.jpeg */ = {isa = PBXFileReference; lastKnownFileType = image.jpeg; name = french.jpeg; path = ../french.jpeg; sourceTree = "<group>"; };
		F916A76A1F1CA3E70038968E /* indo.jpeg */ = {isa = PBXFileReference; lastKnownFileType = image.jpeg; name = indo.jpeg; path = ../indo.jpeg; sourceTree = "<group>"; };
		F916A76B1F1CA3E70038968E /* italian.jpeg */ = {isa = PBXFileReference; lastKnownFileType = image.jpeg; name = italian.jpeg; path = ../italian.jpeg; sourceTree = "<group>"; };
		F916A76C1F1CA3E70038968E /* kannkokuryouri.jpeg */ = {isa = PBXFileReference; lastKnownFileType = image.jpeg; name = kannkokuryouri.jpeg; path = ../kannkokuryouri.jpeg; sourceTree = "<group>"; };
		F916A76D1F1CA3E70038968E /* karaoke.jpeg */ = {isa = PBXFileReference; lastKnownFileType = image.jpeg; name = karaoke.jpeg; path = ../karaoke.jpeg; sourceTree = "<group>"; };
		F916A76E1F1CA3E70038968E /* nihonnryouri.jpeg */ = {isa = PBXFileReference; lastKnownFileType = image.jpeg; name = nihonnryouri.jpeg; path = ../nihonnryouri.jpeg; sourceTree = "<group>"; };
		F916A76F1F1CA3E70038968E /* okonomiyaki.jpeg */ = {isa = PBXFileReference; lastKnownFileType = image.jpeg; name = okonomiyaki.jpeg; path = ../okonomiyaki.jpeg; sourceTree = "<group>"; };
		F916A7701F1CA3E70038968E /* pasta.jpeg */ = {isa = PBXFileReference; lastKnownFileType = image.jpeg; name = pasta.jpeg; path = ../pasta.jpeg; sourceTree = "<group>"; };
		F916A7711F1CA3E70038968E /* ramenn.jpeg */ = {isa = PBXFileReference; lastKnownFileType = image.jpeg; name = ramenn.jpeg; path = ../ramenn.jpeg; sourceTree = "<group>"; };
		F916A7721F1CA3E70038968E /* sousakuryouri.jpeg */ = {isa = PBXFileReference; lastKnownFileType = image.jpeg; name = sousakuryouri.jpeg; path = ../sousakuryouri.jpeg; sourceTree = "<group>"; };
		F916A7731F1CA3E70038968E /* spein.jepg.jpeg */ = {isa = PBXFileReference; lastKnownFileType = image.jpeg; name = spein.jepg.jpeg; path = ../spein.jepg.jpeg; sourceTree = "<group>"; };
		F916A7741F1CA3E70038968E /* steak.jpeg */ = {isa = PBXFileReference; lastKnownFileType = image.jpeg; name = steak.jpeg; path = ../steak.jpeg; sourceTree = "<group>"; };
		F916A7751F1CA3E70038968E /* suhsi.jpeg */ = {isa = PBXFileReference; lastKnownFileType = image.jpeg; name = suhsi.jpeg; path = ../suhsi.jpeg; sourceTree = "<group>"; };
		F916A7761F1CA3E70038968E /* syabusyabu.jpeg */ = {isa = PBXFileReference; lastKnownFileType = image.jpeg; name = syabusyabu.jpeg; path = ../syabusyabu.jpeg; sourceTree = "<group>"; };
		F916A7771F1CA3E70038968E /* thai.jepg.jpg */ = {isa = PBXFileReference; lastKnownFileType = image.jpeg; name = thai.jepg.jpg; path = ../thai.jepg.jpg; sourceTree = "<group>"; };
		F916A7781F1CA3E70038968E /* tyuka.jpeg */ = {isa = PBXFileReference; lastKnownFileType = image.jpeg; name = tyuka.jpeg; path = ../tyuka.jpeg; sourceTree = "<group>"; };
		F916A7791F1CA3E70038968E /* udon.jpeg */ = {isa = PBXFileReference; lastKnownFileType = image.jpeg; name = udon.jpeg; path = ../udon.jpeg; sourceTree = "<group>"; };
		F916A77A1F1CA3E70038968E /* wasyoku.jpeg */ = {isa = PBXFileReference; lastKnownFileType = image.jpeg; name = wasyoku.jpeg; path = ../wasyoku.jpeg; sourceTree = "<group>"; };
		F916A77B1F1CA3E70038968E /* wasyoku.jpg */ = {isa = PBXFileReference; lastKnownFileType = image.jpeg; name = wasyoku.jpg; path = ../wasyoku.jpg; sourceTree = "<group>"; };
		F91C3BC21F231E7100950A15 /* back.png */ = {isa = PBXFileReference; lastKnownFileType = image.png; path = back.png; sourceTree = SOURCE_ROOT; };
		F91C3BC41F231E7E00950A15 /* back1.jpeg */ = {isa = PBXFileReference; lastKnownFileType = image.jpeg; path = back1.jpeg; sourceTree = SOURCE_ROOT; };
		F91C3BC61F231E8200950A15 /* back2.png */ = {isa = PBXFileReference; lastKnownFileType = image.png; path = back2.png; sourceTree = SOURCE_ROOT; };
		F91C3BC81F231E8700950A15 /* diningbar.jpeg */ = {isa = PBXFileReference; lastKnownFileType = image.jpeg; path = diningbar.jpeg; sourceTree = SOURCE_ROOT; };
		F91C3BCA1F231E8B00950A15 /* loading1.gif */ = {isa = PBXFileReference; lastKnownFileType = image.gif; path = loading1.gif; sourceTree = SOURCE_ROOT; };
		F91C3BCC1F231E8F00950A15 /* yellowCircle.png */ = {isa = PBXFileReference; lastKnownFileType = image.png; path = yellowCircle.png; sourceTree = SOURCE_ROOT; };
		F91E2E071F0E9A64009BE5AF /* RecommendRestaurant2_Bridging_Header.h */ = {isa = PBXFileReference; lastKnownFileType = sourcecode.c.h; path = RecommendRestaurant2_Bridging_Header.h; sourceTree = "<group>"; };
		F91FDD631F02945100641B83 /* RecommendRestaurant2.app */ = {isa = PBXFileReference; explicitFileType = wrapper.application; includeInIndex = 0; path = RecommendRestaurant2.app; sourceTree = BUILT_PRODUCTS_DIR; };
		F91FDD661F02945100641B83 /* AppDelegate.swift */ = {isa = PBXFileReference; lastKnownFileType = sourcecode.swift; path = AppDelegate.swift; sourceTree = "<group>"; };
		F91FDD681F02945100641B83 /* ViewController.swift */ = {isa = PBXFileReference; lastKnownFileType = sourcecode.swift; path = ViewController.swift; sourceTree = "<group>"; };
		F91FDD6B1F02945100641B83 /* Base */ = {isa = PBXFileReference; lastKnownFileType = file.storyboard; name = Base; path = Base.lproj/Main.storyboard; sourceTree = "<group>"; };
		F91FDD6E1F02945100641B83 /* RecommendRestaurant2.xcdatamodel */ = {isa = PBXFileReference; lastKnownFileType = wrapper.xcdatamodel; path = RecommendRestaurant2.xcdatamodel; sourceTree = "<group>"; };
		F91FDD701F02945100641B83 /* Assets.xcassets */ = {isa = PBXFileReference; lastKnownFileType = folder.assetcatalog; path = Assets.xcassets; sourceTree = "<group>"; };
		F91FDD731F02945100641B83 /* Base */ = {isa = PBXFileReference; lastKnownFileType = file.storyboard; name = Base; path = Base.lproj/LaunchScreen.storyboard; sourceTree = "<group>"; };
		F91FDD751F02945100641B83 /* Info.plist */ = {isa = PBXFileReference; lastKnownFileType = text.plist.xml; path = Info.plist; sourceTree = "<group>"; };
		F91FDD7A1F02945100641B83 /* RecommendRestaurant2Tests.xctest */ = {isa = PBXFileReference; explicitFileType = wrapper.cfbundle; includeInIndex = 0; path = RecommendRestaurant2Tests.xctest; sourceTree = BUILT_PRODUCTS_DIR; };
		F91FDD7E1F02945100641B83 /* RecommendRestaurant2Tests.swift */ = {isa = PBXFileReference; lastKnownFileType = sourcecode.swift; path = RecommendRestaurant2Tests.swift; sourceTree = "<group>"; };
		F91FDD801F02945100641B83 /* Info.plist */ = {isa = PBXFileReference; lastKnownFileType = text.plist.xml; path = Info.plist; sourceTree = "<group>"; };
		F91FDD851F02945100641B83 /* RecommendRestaurant2UITests.xctest */ = {isa = PBXFileReference; explicitFileType = wrapper.cfbundle; includeInIndex = 0; path = RecommendRestaurant2UITests.xctest; sourceTree = BUILT_PRODUCTS_DIR; };
		F91FDD891F02945100641B83 /* RecommendRestaurant2UITests.swift */ = {isa = PBXFileReference; lastKnownFileType = sourcecode.swift; path = RecommendRestaurant2UITests.swift; sourceTree = "<group>"; };
		F91FDD8B1F02945100641B83 /* Info.plist */ = {isa = PBXFileReference; lastKnownFileType = text.plist.xml; path = Info.plist; sourceTree = "<group>"; };
		F91FDD971F02955F00641B83 /* GenreViewController.swift */ = {isa = PBXFileReference; fileEncoding = 4; lastKnownFileType = sourcecode.swift; path = GenreViewController.swift; sourceTree = "<group>"; };
		F97F1AB11F125E4200461A6B /* Item.swift */ = {isa = PBXFileReference; fileEncoding = 4; lastKnownFileType = sourcecode.swift; path = Item.swift; sourceTree = "<group>"; };
		F97F1B651F17D8ED00461A6B /* customeCell.swift */ = {isa = PBXFileReference; fileEncoding = 4; lastKnownFileType = sourcecode.swift; path = customeCell.swift; sourceTree = "<group>"; };
		F97F1B671F19C41500461A6B /* yakiniku.jpeg */ = {isa = PBXFileReference; lastKnownFileType = image.jpeg; path = yakiniku.jpeg; sourceTree = "<group>"; };
		F99B54861F23989C0047F536 /* haruki_icon.png */ = {isa = PBXFileReference; lastKnownFileType = image.png; path = haruki_icon.png; sourceTree = "<group>"; };
		F99B54881F2398C80047F536 /* haruki_icon_2.png */ = {isa = PBXFileReference; lastKnownFileType = image.png; name = haruki_icon_2.png; path = ../haruki_icon_2.png; sourceTree = "<group>"; };
		F99B548E1F239D0C0047F536 /* izakaya.jpeg */ = {isa = PBXFileReference; lastKnownFileType = image.jpeg; path = izakaya.jpeg; sourceTree = SOURCE_ROOT; };
/* End PBXFileReference section */

/* Begin PBXFrameworksBuildPhase section */
		F91FDD601F02945100641B83 /* Frameworks */ = {
			isa = PBXFrameworksBuildPhase;
			buildActionMask = 2147483647;
			files = (
				5B702DD47B53C602D4FA8B00 /* Pods_RecommendRestaurant2.framework in Frameworks */,
			);
			runOnlyForDeploymentPostprocessing = 0;
		};
		F91FDD771F02945100641B83 /* Frameworks */ = {
			isa = PBXFrameworksBuildPhase;
			buildActionMask = 2147483647;
			files = (
				2DD56BEFAA38B1385E6D153B /* Pods_RecommendRestaurant2Tests.framework in Frameworks */,
			);
			runOnlyForDeploymentPostprocessing = 0;
		};
		F91FDD821F02945100641B83 /* Frameworks */ = {
			isa = PBXFrameworksBuildPhase;
			buildActionMask = 2147483647;
			files = (
				5BCF6AB671412913D637D2CD /* Pods_RecommendRestaurant2UITests.framework in Frameworks */,
			);
			runOnlyForDeploymentPostprocessing = 0;
		};
/* End PBXFrameworksBuildPhase section */

/* Begin PBXGroup section */
		3E7BBDBD04C28C517519FA07 /* Frameworks */ = {
			isa = PBXGroup;
			children = (
				143AA7BD7CD38931F656CFCF /* Pods_RecommendRestaurant2.framework */,
				7B41BEA1B10293E3ACE7DFBF /* Pods_RecommendRestaurant2Tests.framework */,
				766A81430542E64329F9DBAD /* Pods_RecommendRestaurant2UITests.framework */,
			);
			name = Frameworks;
			sourceTree = "<group>";
		};
		C52C3FAC166DDD498649FA5C /* Pods */ = {
			isa = PBXGroup;
			children = (
				F37B4F4F6F138C37EB118AD0 /* Pods-RecommendRestaurant2.debug.xcconfig */,
				EF2B40F150ACB51E87F4736B /* Pods-RecommendRestaurant2.release.xcconfig */,
				EDA41CC5B4548CAC8EDADDF6 /* Pods-RecommendRestaurant2Tests.debug.xcconfig */,
				03D00AD679DD91CDF582529D /* Pods-RecommendRestaurant2Tests.release.xcconfig */,
				C4BFF9AADA6EDD16AFA18F13 /* Pods-RecommendRestaurant2UITests.debug.xcconfig */,
				1B48E989F783931D49356F29 /* Pods-RecommendRestaurant2UITests.release.xcconfig */,
			);
			name = Pods;
			sourceTree = "<group>";
		};
		F91FDD5A1F02945100641B83 = {
			isa = PBXGroup;
			children = (
				F91FDD651F02945100641B83 /* RecommendRestaurant2 */,
				F91FDD7D1F02945100641B83 /* RecommendRestaurant2Tests */,
				F91FDD881F02945100641B83 /* RecommendRestaurant2UITests */,
				F91FDD641F02945100641B83 /* Products */,
				C52C3FAC166DDD498649FA5C /* Pods */,
				3E7BBDBD04C28C517519FA07 /* Frameworks */,
			);
			sourceTree = "<group>";
		};
		F91FDD641F02945100641B83 /* Products */ = {
			isa = PBXGroup;
			children = (
				F91FDD631F02945100641B83 /* RecommendRestaurant2.app */,
				F91FDD7A1F02945100641B83 /* RecommendRestaurant2Tests.xctest */,
				F91FDD851F02945100641B83 /* RecommendRestaurant2UITests.xctest */,
			);
			name = Products;
			sourceTree = "<group>";
		};
		F91FDD651F02945100641B83 /* RecommendRestaurant2 */ = {
			isa = PBXGroup;
			children = (
				F91E2E071F0E9A64009BE5AF /* RecommendRestaurant2_Bridging_Header.h */,
				F91C3BCC1F231E8F00950A15 /* yellowCircle.png */,
				F99B54861F23989C0047F536 /* haruki_icon.png */,
				F99B54881F2398C80047F536 /* haruki_icon_2.png */,
				F91C3BCA1F231E8B00950A15 /* loading1.gif */,
				F91C3BC81F231E8700950A15 /* diningbar.jpeg */,
				F91C3BC61F231E8200950A15 /* back2.png */,
				F91C3BC41F231E7E00950A15 /* back1.jpeg */,
				F91C3BC21F231E7100950A15 /* back.png */,
				F916A7641F1CA3DC0038968E /* ajian.jpeg */,
				F916A7661F1CA3E70038968E /* bar.jpeg */,
				F916A7671F1CA3E70038968E /* bistoro.jpeg */,
				F916A7681F1CA3E70038968E /* cafe.jpeg */,
				F916A7691F1CA3E70038968E /* french.jpeg */,
				F916A76A1F1CA3E70038968E /* indo.jpeg */,
				F916A76B1F1CA3E70038968E /* italian.jpeg */,
				F99B548E1F239D0C0047F536 /* izakaya.jpeg */,
				F916A76C1F1CA3E70038968E /* kannkokuryouri.jpeg */,
				F916A76D1F1CA3E70038968E /* karaoke.jpeg */,
				F916A76E1F1CA3E70038968E /* nihonnryouri.jpeg */,
				F916A76F1F1CA3E70038968E /* okonomiyaki.jpeg */,
				F916A7701F1CA3E70038968E /* pasta.jpeg */,
				F916A7711F1CA3E70038968E /* ramenn.jpeg */,
				F916A7721F1CA3E70038968E /* sousakuryouri.jpeg */,
				F916A7731F1CA3E70038968E /* spein.jepg.jpeg */,
				F916A7741F1CA3E70038968E /* steak.jpeg */,
				F916A7751F1CA3E70038968E /* suhsi.jpeg */,
				F916A7761F1CA3E70038968E /* syabusyabu.jpeg */,
				F916A7771F1CA3E70038968E /* thai.jepg.jpg */,
				F916A7781F1CA3E70038968E /* tyuka.jpeg */,
				F916A7791F1CA3E70038968E /* udon.jpeg */,
				F916A77A1F1CA3E70038968E /* wasyoku.jpeg */,
				F916A77B1F1CA3E70038968E /* wasyoku.jpg */,
				F916A75E1F1B4D300038968E /* Maps-icon4.png */,
				F97F1B671F19C41500461A6B /* yakiniku.jpeg */,
				F903FB2D1F092E5900E7F1AF /* yousyoku.jpeg */,
				F91FDD661F02945100641B83 /* AppDelegate.swift */,
				F91FDD681F02945100641B83 /* ViewController.swift */,
				F91FDD6A1F02945100641B83 /* Main.storyboard */,
				F97F1B651F17D8ED00461A6B /* customeCell.swift */,
				F91FDD971F02955F00641B83 /* GenreViewController.swift */,
				F97F1AB11F125E4200461A6B /* Item.swift */,
				F91FDD701F02945100641B83 /* Assets.xcassets */,
				F91FDD721F02945100641B83 /* LaunchScreen.storyboard */,
				F91FDD751F02945100641B83 /* Info.plist */,
				F91FDD6D1F02945100641B83 /* RecommendRestaurant2.xcdatamodeld */,
			);
			path = RecommendRestaurant2;
			sourceTree = "<group>";
		};
		F91FDD7D1F02945100641B83 /* RecommendRestaurant2Tests */ = {
			isa = PBXGroup;
			children = (
				F91FDD7E1F02945100641B83 /* RecommendRestaurant2Tests.swift */,
				F91FDD801F02945100641B83 /* Info.plist */,
			);
			path = RecommendRestaurant2Tests;
			sourceTree = "<group>";
		};
		F91FDD881F02945100641B83 /* RecommendRestaurant2UITests */ = {
			isa = PBXGroup;
			children = (
				F91FDD891F02945100641B83 /* RecommendRestaurant2UITests.swift */,
				F91FDD8B1F02945100641B83 /* Info.plist */,
			);
			path = RecommendRestaurant2UITests;
			sourceTree = "<group>";
		};
/* End PBXGroup section */

/* Begin PBXNativeTarget section */
		F91FDD621F02945100641B83 /* RecommendRestaurant2 */ = {
			isa = PBXNativeTarget;
			buildConfigurationList = F91FDD8E1F02945100641B83 /* Build configuration list for PBXNativeTarget "RecommendRestaurant2" */;
			buildPhases = (
				EC20A4D7096086A732F538B0 /* [CP] Check Pods Manifest.lock */,
				F91FDD5F1F02945100641B83 /* Sources */,
				F91FDD601F02945100641B83 /* Frameworks */,
				F91FDD611F02945100641B83 /* Resources */,
				6B2DBDA35C70EF452128052A /* [CP] Embed Pods Frameworks */,
				46A267F4B486B1FB2772A532 /* [CP] Copy Pods Resources */,
			);
			buildRules = (
			);
			dependencies = (
			);
			name = RecommendRestaurant2;
			productName = RecommendRestaurant2;
			productReference = F91FDD631F02945100641B83 /* RecommendRestaurant2.app */;
			productType = "com.apple.product-type.application";
		};
		F91FDD791F02945100641B83 /* RecommendRestaurant2Tests */ = {
			isa = PBXNativeTarget;
			buildConfigurationList = F91FDD911F02945100641B83 /* Build configuration list for PBXNativeTarget "RecommendRestaurant2Tests" */;
			buildPhases = (
				4841DFE5F15D4A85DDBA9C3B /* [CP] Check Pods Manifest.lock */,
				F91FDD761F02945100641B83 /* Sources */,
				F91FDD771F02945100641B83 /* Frameworks */,
				F91FDD781F02945100641B83 /* Resources */,
				152316A75834A74F1D4CC191 /* [CP] Embed Pods Frameworks */,
				172FD044DCE93FE33438675B /* [CP] Copy Pods Resources */,
			);
			buildRules = (
			);
			dependencies = (
				F91FDD7C1F02945100641B83 /* PBXTargetDependency */,
			);
			name = RecommendRestaurant2Tests;
			productName = RecommendRestaurant2Tests;
			productReference = F91FDD7A1F02945100641B83 /* RecommendRestaurant2Tests.xctest */;
			productType = "com.apple.product-type.bundle.unit-test";
		};
		F91FDD841F02945100641B83 /* RecommendRestaurant2UITests */ = {
			isa = PBXNativeTarget;
			buildConfigurationList = F91FDD941F02945100641B83 /* Build configuration list for PBXNativeTarget "RecommendRestaurant2UITests" */;
			buildPhases = (
				AC06C04B28C8C6EC83D2F2E2 /* [CP] Check Pods Manifest.lock */,
				F91FDD811F02945100641B83 /* Sources */,
				F91FDD821F02945100641B83 /* Frameworks */,
				F91FDD831F02945100641B83 /* Resources */,
				2AF7820BD7331F846B1694C5 /* [CP] Embed Pods Frameworks */,
				B511C3D1C44F4DBDB348EBC0 /* [CP] Copy Pods Resources */,
			);
			buildRules = (
			);
			dependencies = (
				F91FDD871F02945100641B83 /* PBXTargetDependency */,
			);
			name = RecommendRestaurant2UITests;
			productName = RecommendRestaurant2UITests;
			productReference = F91FDD851F02945100641B83 /* RecommendRestaurant2UITests.xctest */;
			productType = "com.apple.product-type.bundle.ui-testing";
		};
/* End PBXNativeTarget section */

/* Begin PBXProject section */
		F91FDD5B1F02945100641B83 /* Project object */ = {
			isa = PBXProject;
			attributes = {
				LastSwiftUpdateCheck = 0830;
				LastUpgradeCheck = 0830;
				ORGANIZATIONNAME = "haruki yasui";
				TargetAttributes = {
					F91FDD621F02945100641B83 = {
						CreatedOnToolsVersion = 8.3;
						DevelopmentTeam = FL88HC48Y6;
						ProvisioningStyle = Automatic;
					};
					F91FDD791F02945100641B83 = {
						CreatedOnToolsVersion = 8.3;
						DevelopmentTeam = FL88HC48Y6;
						ProvisioningStyle = Automatic;
						TestTargetID = F91FDD621F02945100641B83;
					};
					F91FDD841F02945100641B83 = {
						CreatedOnToolsVersion = 8.3;
						DevelopmentTeam = FL88HC48Y6;
						ProvisioningStyle = Automatic;
						TestTargetID = F91FDD621F02945100641B83;
					};
				};
			};
			buildConfigurationList = F91FDD5E1F02945100641B83 /* Build configuration list for PBXProject "RecommendRestaurant2" */;
			compatibilityVersion = "Xcode 3.2";
			developmentRegion = English;
			hasScannedForEncodings = 0;
			knownRegions = (
				en,
				Base,
			);
			mainGroup = F91FDD5A1F02945100641B83;
			productRefGroup = F91FDD641F02945100641B83 /* Products */;
			projectDirPath = "";
			projectRoot = "";
			targets = (
				F91FDD621F02945100641B83 /* RecommendRestaurant2 */,
				F91FDD791F02945100641B83 /* RecommendRestaurant2Tests */,
				F91FDD841F02945100641B83 /* RecommendRestaurant2UITests */,
			);
		};
/* End PBXProject section */

/* Begin PBXResourcesBuildPhase section */
		F91FDD611F02945100641B83 /* Resources */ = {
			isa = PBXResourcesBuildPhase;
			buildActionMask = 2147483647;
			files = (
				F916A75F1F1B4D300038968E /* Maps-icon4.png in Resources */,
				F916A7911F1CA3E70038968E /* wasyoku.jpg in Resources */,
				F91C3BC91F231E8700950A15 /* diningbar.jpeg in Resources */,
				F916A7821F1CA3E70038968E /* kannkokuryouri.jpeg in Resources */,
				F91FDD741F02945100641B83 /* LaunchScreen.storyboard in Resources */,
				F903FB2F1F092E5900E7F1AF /* yousyoku.jpeg in Resources */,
				F916A7841F1CA3E70038968E /* nihonnryouri.jpeg in Resources */,
				F916A78F1F1CA3E70038968E /* udon.jpeg in Resources */,
				F916A78B1F1CA3E70038968E /* suhsi.jpeg in Resources */,
				F916A78C1F1CA3E70038968E /* syabusyabu.jpeg in Resources */,
				F99B54891F2398C80047F536 /* haruki_icon_2.png in Resources */,
				F91C3BC71F231E8200950A15 /* back2.png in Resources */,
				F916A77F1F1CA3E70038968E /* french.jpeg in Resources */,
				F916A77C1F1CA3E70038968E /* bar.jpeg in Resources */,
				F91C3BC51F231E7E00950A15 /* back1.jpeg in Resources */,
				F916A7801F1CA3E70038968E /* indo.jpeg in Resources */,
				F916A7831F1CA3E70038968E /* karaoke.jpeg in Resources */,
				F916A7881F1CA3E70038968E /* sousakuryouri.jpeg in Resources */,
				F916A78D1F1CA3E70038968E /* thai.jepg.jpg in Resources */,
				F916A77D1F1CA3E70038968E /* bistoro.jpeg in Resources */,
				F99B548F1F239D0C0047F536 /* izakaya.jpeg in Resources */,
				F91FDD711F02945100641B83 /* Assets.xcassets in Resources */,
				F91C3BCB1F231E8B00950A15 /* loading1.gif in Resources */,
				F91C3BC31F231E7100950A15 /* back.png in Resources */,
				F916A7901F1CA3E70038968E /* wasyoku.jpeg in Resources */,
				F91C3BCD1F231E8F00950A15 /* yellowCircle.png in Resources */,
				F916A7651F1CA3DC0038968E /* ajian.jpeg in Resources */,
				F916A7861F1CA3E70038968E /* pasta.jpeg in Resources */,
				F916A78A1F1CA3E70038968E /* steak.jpeg in Resources */,
				F916A7871F1CA3E70038968E /* ramenn.jpeg in Resources */,
				F97F1B681F19C41500461A6B /* yakiniku.jpeg in Resources */,
				F916A7811F1CA3E70038968E /* italian.jpeg in Resources */,
				F916A77E1F1CA3E70038968E /* cafe.jpeg in Resources */,
				F916A78E1F1CA3E70038968E /* tyuka.jpeg in Resources */,
				F99B54871F23989C0047F536 /* haruki_icon.png in Resources */,
				F916A7891F1CA3E70038968E /* spein.jepg.jpeg in Resources */,
				F916A7851F1CA3E70038968E /* okonomiyaki.jpeg in Resources */,
				F91FDD6C1F02945100641B83 /* Main.storyboard in Resources */,
			);
			runOnlyForDeploymentPostprocessing = 0;
		};
		F91FDD781F02945100641B83 /* Resources */ = {
			isa = PBXResourcesBuildPhase;
			buildActionMask = 2147483647;
			files = (
			);
			runOnlyForDeploymentPostprocessing = 0;
		};
		F91FDD831F02945100641B83 /* Resources */ = {
			isa = PBXResourcesBuildPhase;
			buildActionMask = 2147483647;
			files = (
			);
			runOnlyForDeploymentPostprocessing = 0;
		};
/* End PBXResourcesBuildPhase section */

/* Begin PBXShellScriptBuildPhase section */
		152316A75834A74F1D4CC191 /* [CP] Embed Pods Frameworks */ = {
			isa = PBXShellScriptBuildPhase;
			buildActionMask = 2147483647;
			files = (
			);
			inputPaths = (
			);
			name = "[CP] Embed Pods Frameworks";
			outputPaths = (
			);
			runOnlyForDeploymentPostprocessing = 0;
			shellPath = /bin/sh;
			shellScript = "\"${SRCROOT}/Pods/Target Support Files/Pods-RecommendRestaurant2Tests/Pods-RecommendRestaurant2Tests-frameworks.sh\"\n";
			showEnvVarsInLog = 0;
		};
		172FD044DCE93FE33438675B /* [CP] Copy Pods Resources */ = {
			isa = PBXShellScriptBuildPhase;
			buildActionMask = 2147483647;
			files = (
			);
			inputPaths = (
			);
			name = "[CP] Copy Pods Resources";
			outputPaths = (
			);
			runOnlyForDeploymentPostprocessing = 0;
			shellPath = /bin/sh;
			shellScript = "\"${SRCROOT}/Pods/Target Support Files/Pods-RecommendRestaurant2Tests/Pods-RecommendRestaurant2Tests-resources.sh\"\n";
			showEnvVarsInLog = 0;
		};
		2AF7820BD7331F846B1694C5 /* [CP] Embed Pods Frameworks */ = {
			isa = PBXShellScriptBuildPhase;
			buildActionMask = 2147483647;
			files = (
			);
			inputPaths = (
			);
			name = "[CP] Embed Pods Frameworks";
			outputPaths = (
			);
			runOnlyForDeploymentPostprocessing = 0;
			shellPath = /bin/sh;
			shellScript = "\"${SRCROOT}/Pods/Target Support Files/Pods-RecommendRestaurant2UITests/Pods-RecommendRestaurant2UITests-frameworks.sh\"\n";
			showEnvVarsInLog = 0;
		};
		46A267F4B486B1FB2772A532 /* [CP] Copy Pods Resources */ = {
			isa = PBXShellScriptBuildPhase;
			buildActionMask = 2147483647;
			files = (
			);
			inputPaths = (
			);
			name = "[CP] Copy Pods Resources";
			outputPaths = (
			);
			runOnlyForDeploymentPostprocessing = 0;
			shellPath = /bin/sh;
			shellScript = "\"${SRCROOT}/Pods/Target Support Files/Pods-RecommendRestaurant2/Pods-RecommendRestaurant2-resources.sh\"\n";
			showEnvVarsInLog = 0;
		};
		4841DFE5F15D4A85DDBA9C3B /* [CP] Check Pods Manifest.lock */ = {
			isa = PBXShellScriptBuildPhase;
			buildActionMask = 2147483647;
			files = (
			);
			inputPaths = (
			);
			name = "[CP] Check Pods Manifest.lock";
			outputPaths = (
			);
			runOnlyForDeploymentPostprocessing = 0;
			shellPath = /bin/sh;
			shellScript = "diff \"${PODS_PODFILE_DIR_PATH}/Podfile.lock\" \"${PODS_ROOT}/Manifest.lock\" > /dev/null\nif [ $? != 0 ] ; then\n    # print error to STDERR\n    echo \"error: The sandbox is not in sync with the Podfile.lock. Run 'pod install' or update your CocoaPods installation.\" >&2\n    exit 1\nfi\n";
			showEnvVarsInLog = 0;
		};
		6B2DBDA35C70EF452128052A /* [CP] Embed Pods Frameworks */ = {
			isa = PBXShellScriptBuildPhase;
			buildActionMask = 2147483647;
			files = (
			);
			inputPaths = (
			);
			name = "[CP] Embed Pods Frameworks";
			outputPaths = (
			);
			runOnlyForDeploymentPostprocessing = 0;
			shellPath = /bin/sh;
			shellScript = "\"${SRCROOT}/Pods/Target Support Files/Pods-RecommendRestaurant2/Pods-RecommendRestaurant2-frameworks.sh\"\n";
			showEnvVarsInLog = 0;
		};
		AC06C04B28C8C6EC83D2F2E2 /* [CP] Check Pods Manifest.lock */ = {
			isa = PBXShellScriptBuildPhase;
			buildActionMask = 2147483647;
			files = (
			);
			inputPaths = (
			);
			name = "[CP] Check Pods Manifest.lock";
			outputPaths = (
			);
			runOnlyForDeploymentPostprocessing = 0;
			shellPath = /bin/sh;
			shellScript = "diff \"${PODS_PODFILE_DIR_PATH}/Podfile.lock\" \"${PODS_ROOT}/Manifest.lock\" > /dev/null\nif [ $? != 0 ] ; then\n    # print error to STDERR\n    echo \"error: The sandbox is not in sync with the Podfile.lock. Run 'pod install' or update your CocoaPods installation.\" >&2\n    exit 1\nfi\n";
			showEnvVarsInLog = 0;
		};
		B511C3D1C44F4DBDB348EBC0 /* [CP] Copy Pods Resources */ = {
			isa = PBXShellScriptBuildPhase;
			buildActionMask = 2147483647;
			files = (
			);
			inputPaths = (
			);
			name = "[CP] Copy Pods Resources";
			outputPaths = (
			);
			runOnlyForDeploymentPostprocessing = 0;
			shellPath = /bin/sh;
			shellScript = "\"${SRCROOT}/Pods/Target Support Files/Pods-RecommendRestaurant2UITests/Pods-RecommendRestaurant2UITests-resources.sh\"\n";
			showEnvVarsInLog = 0;
		};
		EC20A4D7096086A732F538B0 /* [CP] Check Pods Manifest.lock */ = {
			isa = PBXShellScriptBuildPhase;
			buildActionMask = 2147483647;
			files = (
			);
			inputPaths = (
			);
			name = "[CP] Check Pods Manifest.lock";
			outputPaths = (
			);
			runOnlyForDeploymentPostprocessing = 0;
			shellPath = /bin/sh;
			shellScript = "diff \"${PODS_PODFILE_DIR_PATH}/Podfile.lock\" \"${PODS_ROOT}/Manifest.lock\" > /dev/null\nif [ $? != 0 ] ; then\n    # print error to STDERR\n    echo \"error: The sandbox is not in sync with the Podfile.lock. Run 'pod install' or update your CocoaPods installation.\" >&2\n    exit 1\nfi\n";
			showEnvVarsInLog = 0;
		};
/* End PBXShellScriptBuildPhase section */

/* Begin PBXSourcesBuildPhase section */
		F91FDD5F1F02945100641B83 /* Sources */ = {
			isa = PBXSourcesBuildPhase;
			buildActionMask = 2147483647;
			files = (
				F97F1B661F17D8ED00461A6B /* customeCell.swift in Sources */,
				F97F1AB21F125E4200461A6B /* Item.swift in Sources */,
				F91FDD981F02955F00641B83 /* GenreViewController.swift in Sources */,
				F91FDD691F02945100641B83 /* ViewController.swift in Sources */,
				F91FDD671F02945100641B83 /* AppDelegate.swift in Sources */,
				F91FDD6F1F02945100641B83 /* RecommendRestaurant2.xcdatamodeld in Sources */,
			);
			runOnlyForDeploymentPostprocessing = 0;
		};
		F91FDD761F02945100641B83 /* Sources */ = {
			isa = PBXSourcesBuildPhase;
			buildActionMask = 2147483647;
			files = (
				F91FDD7F1F02945100641B83 /* RecommendRestaurant2Tests.swift in Sources */,
			);
			runOnlyForDeploymentPostprocessing = 0;
		};
		F91FDD811F02945100641B83 /* Sources */ = {
			isa = PBXSourcesBuildPhase;
			buildActionMask = 2147483647;
			files = (
				F91FDD8A1F02945100641B83 /* RecommendRestaurant2UITests.swift in Sources */,
			);
			runOnlyForDeploymentPostprocessing = 0;
		};
/* End PBXSourcesBuildPhase section */

/* Begin PBXTargetDependency section */
		F91FDD7C1F02945100641B83 /* PBXTargetDependency */ = {
			isa = PBXTargetDependency;
			target = F91FDD621F02945100641B83 /* RecommendRestaurant2 */;
			targetProxy = F91FDD7B1F02945100641B83 /* PBXContainerItemProxy */;
		};
		F91FDD871F02945100641B83 /* PBXTargetDependency */ = {
			isa = PBXTargetDependency;
			target = F91FDD621F02945100641B83 /* RecommendRestaurant2 */;
			targetProxy = F91FDD861F02945100641B83 /* PBXContainerItemProxy */;
		};
/* End PBXTargetDependency section */

/* Begin PBXVariantGroup section */
		F91FDD6A1F02945100641B83 /* Main.storyboard */ = {
			isa = PBXVariantGroup;
			children = (
				F91FDD6B1F02945100641B83 /* Base */,
			);
			name = Main.storyboard;
			sourceTree = "<group>";
		};
		F91FDD721F02945100641B83 /* LaunchScreen.storyboard */ = {
			isa = PBXVariantGroup;
			children = (
				F91FDD731F02945100641B83 /* Base */,
			);
			name = LaunchScreen.storyboard;
			sourceTree = "<group>";
		};
/* End PBXVariantGroup section */

/* Begin XCBuildConfiguration section */
		F91FDD8C1F02945100641B83 /* Debug */ = {
			isa = XCBuildConfiguration;
			buildSettings = {
				ALWAYS_SEARCH_USER_PATHS = NO;
				CLANG_ANALYZER_NONNULL = YES;
				CLANG_ANALYZER_NUMBER_OBJECT_CONVERSION = YES_AGGRESSIVE;
				CLANG_CXX_LANGUAGE_STANDARD = "gnu++0x";
				CLANG_CXX_LIBRARY = "libc++";
				CLANG_ENABLE_MODULES = YES;
				CLANG_ENABLE_OBJC_ARC = YES;
				CLANG_WARN_BOOL_CONVERSION = YES;
				CLANG_WARN_CONSTANT_CONVERSION = YES;
				CLANG_WARN_DIRECT_OBJC_ISA_USAGE = YES_ERROR;
				CLANG_WARN_DOCUMENTATION_COMMENTS = YES;
				CLANG_WARN_EMPTY_BODY = YES;
				CLANG_WARN_ENUM_CONVERSION = YES;
				CLANG_WARN_INFINITE_RECURSION = YES;
				CLANG_WARN_INT_CONVERSION = YES;
				CLANG_WARN_OBJC_ROOT_CLASS = YES_ERROR;
				CLANG_WARN_SUSPICIOUS_MOVE = YES;
				CLANG_WARN_UNREACHABLE_CODE = YES;
				CLANG_WARN__DUPLICATE_METHOD_MATCH = YES;
				"CODE_SIGN_IDENTITY[sdk=iphoneos*]" = "iPhone Developer";
				COPY_PHASE_STRIP = NO;
				DEBUG_INFORMATION_FORMAT = dwarf;
				ENABLE_STRICT_OBJC_MSGSEND = YES;
				ENABLE_TESTABILITY = YES;
				GCC_C_LANGUAGE_STANDARD = gnu99;
				GCC_DYNAMIC_NO_PIC = NO;
				GCC_NO_COMMON_BLOCKS = YES;
				GCC_OPTIMIZATION_LEVEL = 0;
				GCC_PREPROCESSOR_DEFINITIONS = (
					"DEBUG=1",
					"$(inherited)",
				);
				GCC_WARN_64_TO_32_BIT_CONVERSION = YES;
				GCC_WARN_ABOUT_RETURN_TYPE = YES_ERROR;
				GCC_WARN_UNDECLARED_SELECTOR = YES;
				GCC_WARN_UNINITIALIZED_AUTOS = YES_AGGRESSIVE;
				GCC_WARN_UNUSED_FUNCTION = YES;
				GCC_WARN_UNUSED_VARIABLE = YES;
				IPHONEOS_DEPLOYMENT_TARGET = 10.3;
				MTL_ENABLE_DEBUG_INFO = YES;
				ONLY_ACTIVE_ARCH = YES;
				SDKROOT = iphoneos;
				SWIFT_ACTIVE_COMPILATION_CONDITIONS = DEBUG;
				SWIFT_OPTIMIZATION_LEVEL = "-Onone";
				TARGETED_DEVICE_FAMILY = "1,2";
			};
			name = Debug;
		};
		F91FDD8D1F02945100641B83 /* Release */ = {
			isa = XCBuildConfiguration;
			buildSettings = {
				ALWAYS_SEARCH_USER_PATHS = NO;
				CLANG_ANALYZER_NONNULL = YES;
				CLANG_ANALYZER_NUMBER_OBJECT_CONVERSION = YES_AGGRESSIVE;
				CLANG_CXX_LANGUAGE_STANDARD = "gnu++0x";
				CLANG_CXX_LIBRARY = "libc++";
				CLANG_ENABLE_MODULES = YES;
				CLANG_ENABLE_OBJC_ARC = YES;
				CLANG_WARN_BOOL_CONVERSION = YES;
				CLANG_WARN_CONSTANT_CONVERSION = YES;
				CLANG_WARN_DIRECT_OBJC_ISA_USAGE = YES_ERROR;
				CLANG_WARN_DOCUMENTATION_COMMENTS = YES;
				CLANG_WARN_EMPTY_BODY = YES;
				CLANG_WARN_ENUM_CONVERSION = YES;
				CLANG_WARN_INFINITE_RECURSION = YES;
				CLANG_WARN_INT_CONVERSION = YES;
				CLANG_WARN_OBJC_ROOT_CLASS = YES_ERROR;
				CLANG_WARN_SUSPICIOUS_MOVE = YES;
				CLANG_WARN_UNREACHABLE_CODE = YES;
				CLANG_WARN__DUPLICATE_METHOD_MATCH = YES;
				"CODE_SIGN_IDENTITY[sdk=iphoneos*]" = "iPhone Developer";
				COPY_PHASE_STRIP = NO;
				DEBUG_INFORMATION_FORMAT = "dwarf-with-dsym";
				ENABLE_NS_ASSERTIONS = NO;
				ENABLE_STRICT_OBJC_MSGSEND = YES;
				GCC_C_LANGUAGE_STANDARD = gnu99;
				GCC_NO_COMMON_BLOCKS = YES;
				GCC_WARN_64_TO_32_BIT_CONVERSION = YES;
				GCC_WARN_ABOUT_RETURN_TYPE = YES_ERROR;
				GCC_WARN_UNDECLARED_SELECTOR = YES;
				GCC_WARN_UNINITIALIZED_AUTOS = YES_AGGRESSIVE;
				GCC_WARN_UNUSED_FUNCTION = YES;
				GCC_WARN_UNUSED_VARIABLE = YES;
				IPHONEOS_DEPLOYMENT_TARGET = 10.3;
				MTL_ENABLE_DEBUG_INFO = NO;
				SDKROOT = iphoneos;
				SWIFT_OPTIMIZATION_LEVEL = "-Owholemodule";
				TARGETED_DEVICE_FAMILY = "1,2";
				VALIDATE_PRODUCT = YES;
			};
			name = Release;
		};
		F91FDD8F1F02945100641B83 /* Debug */ = {
			isa = XCBuildConfiguration;
			baseConfigurationReference = F37B4F4F6F138C37EB118AD0 /* Pods-RecommendRestaurant2.debug.xcconfig */;
			buildSettings = {
				ASSETCATALOG_COMPILER_APPICON_NAME = AppIcon;
				DEVELOPMENT_TEAM = FL88HC48Y6;
				INFOPLIST_FILE = RecommendRestaurant2/Info.plist;
				LD_RUNPATH_SEARCH_PATHS = "$(inherited) @executable_path/Frameworks";
				PRODUCT_BUNDLE_IDENTIFIER = com.harukiyasui.QuEat;
				PRODUCT_NAME = "$(TARGET_NAME)";
				SWIFT_OBJC_BRIDGING_HEADER = RecommendRestaurant2/RecommendRestaurant2_Bridging_Header.h;
				SWIFT_VERSION = 3.0;
			};
			name = Debug;
		};
		F91FDD901F02945100641B83 /* Release */ = {
			isa = XCBuildConfiguration;
			baseConfigurationReference = EF2B40F150ACB51E87F4736B /* Pods-RecommendRestaurant2.release.xcconfig */;
			buildSettings = {
				ASSETCATALOG_COMPILER_APPICON_NAME = AppIcon;
				DEVELOPMENT_TEAM = FL88HC48Y6;
				INFOPLIST_FILE = RecommendRestaurant2/Info.plist;
				LD_RUNPATH_SEARCH_PATHS = "$(inherited) @executable_path/Frameworks";
				PRODUCT_BUNDLE_IDENTIFIER = com.harukiyasui.QuEat;
				PRODUCT_NAME = "$(TARGET_NAME)";
				SWIFT_OBJC_BRIDGING_HEADER = RecommendRestaurant2/RecommendRestaurant2_Bridging_Header.h;
				SWIFT_VERSION = 3.0;
			};
			name = Release;
		};
		F91FDD921F02945100641B83 /* Debug */ = {
			isa = XCBuildConfiguration;
			baseConfigurationReference = EDA41CC5B4548CAC8EDADDF6 /* Pods-RecommendRestaurant2Tests.debug.xcconfig */;
			buildSettings = {
				ALWAYS_EMBED_SWIFT_STANDARD_LIBRARIES = YES;
				BUNDLE_LOADER = "$(TEST_HOST)";
				DEVELOPMENT_TEAM = FL88HC48Y6;
				INFOPLIST_FILE = RecommendRestaurant2Tests/Info.plist;
				LD_RUNPATH_SEARCH_PATHS = "$(inherited) @executable_path/Frameworks @loader_path/Frameworks";
				PRODUCT_BUNDLE_IDENTIFIER = com.harukiyasui.RecommendRestaurant2Tests;
				PRODUCT_NAME = "$(TARGET_NAME)";
				SWIFT_VERSION = 3.0;
				TEST_HOST = "$(BUILT_PRODUCTS_DIR)/RecommendRestaurant2.app/RecommendRestaurant2";
			};
			name = Debug;
		};
		F91FDD931F02945100641B83 /* Release */ = {
			isa = XCBuildConfiguration;
			baseConfigurationReference = 03D00AD679DD91CDF582529D /* Pods-RecommendRestaurant2Tests.release.xcconfig */;
			buildSettings = {
				ALWAYS_EMBED_SWIFT_STANDARD_LIBRARIES = YES;
				BUNDLE_LOADER = "$(TEST_HOST)";
				DEVELOPMENT_TEAM = FL88HC48Y6;
				INFOPLIST_FILE = RecommendRestaurant2Tests/Info.plist;
				LD_RUNPATH_SEARCH_PATHS = "$(inherited) @executable_path/Frameworks @loader_path/Frameworks";
				PRODUCT_BUNDLE_IDENTIFIER = com.harukiyasui.RecommendRestaurant2Tests;
				PRODUCT_NAME = "$(TARGET_NAME)";
				SWIFT_VERSION = 3.0;
				TEST_HOST = "$(BUILT_PRODUCTS_DIR)/RecommendRestaurant2.app/RecommendRestaurant2";
			};
			name = Release;
		};
		F91FDD951F02945100641B83 /* Debug */ = {
			isa = XCBuildConfiguration;
			baseConfigurationReference = C4BFF9AADA6EDD16AFA18F13 /* Pods-RecommendRestaurant2UITests.debug.xcconfig */;
			buildSettings = {
				ALWAYS_EMBED_SWIFT_STANDARD_LIBRARIES = YES;
				DEVELOPMENT_TEAM = FL88HC48Y6;
				INFOPLIST_FILE = RecommendRestaurant2UITests/Info.plist;
				LD_RUNPATH_SEARCH_PATHS = "$(inherited) @executable_path/Frameworks @loader_path/Frameworks";
				PRODUCT_BUNDLE_IDENTIFIER = com.harukiyasui.RecommendRestaurant2UITests;
				PRODUCT_NAME = "$(TARGET_NAME)";
				SWIFT_VERSION = 3.0;
				TEST_TARGET_NAME = RecommendRestaurant2;
			};
			name = Debug;
		};
		F91FDD961F02945100641B83 /* Release */ = {
			isa = XCBuildConfiguration;
			baseConfigurationReference = 1B48E989F783931D49356F29 /* Pods-RecommendRestaurant2UITests.release.xcconfig */;
			buildSettings = {
				ALWAYS_EMBED_SWIFT_STANDARD_LIBRARIES = YES;
				DEVELOPMENT_TEAM = FL88HC48Y6;
				INFOPLIST_FILE = RecommendRestaurant2UITests/Info.plist;
				LD_RUNPATH_SEARCH_PATHS = "$(inherited) @executable_path/Frameworks @loader_path/Frameworks";
				PRODUCT_BUNDLE_IDENTIFIER = com.harukiyasui.RecommendRestaurant2UITests;
				PRODUCT_NAME = "$(TARGET_NAME)";
				SWIFT_VERSION = 3.0;
				TEST_TARGET_NAME = RecommendRestaurant2;
			};
			name = Release;
		};
/* End XCBuildConfiguration section */

/* Begin XCConfigurationList section */
		F91FDD5E1F02945100641B83 /* Build configuration list for PBXProject "RecommendRestaurant2" */ = {
			isa = XCConfigurationList;
			buildConfigurations = (
				F91FDD8C1F02945100641B83 /* Debug */,
				F91FDD8D1F02945100641B83 /* Release */,
			);
			defaultConfigurationIsVisible = 0;
			defaultConfigurationName = Release;
		};
		F91FDD8E1F02945100641B83 /* Build configuration list for PBXNativeTarget "RecommendRestaurant2" */ = {
			isa = XCConfigurationList;
			buildConfigurations = (
				F91FDD8F1F02945100641B83 /* Debug */,
				F91FDD901F02945100641B83 /* Release */,
			);
			defaultConfigurationIsVisible = 0;
			defaultConfigurationName = Release;
		};
		F91FDD911F02945100641B83 /* Build configuration list for PBXNativeTarget "RecommendRestaurant2Tests" */ = {
			isa = XCConfigurationList;
			buildConfigurations = (
				F91FDD921F02945100641B83 /* Debug */,
				F91FDD931F02945100641B83 /* Release */,
			);
			defaultConfigurationIsVisible = 0;
			defaultConfigurationName = Release;
		};
		F91FDD941F02945100641B83 /* Build configuration list for PBXNativeTarget "RecommendRestaurant2UITests" */ = {
			isa = XCConfigurationList;
			buildConfigurations = (
				F91FDD951F02945100641B83 /* Debug */,
				F91FDD961F02945100641B83 /* Release */,
			);
			defaultConfigurationIsVisible = 0;
			defaultConfigurationName = Release;
		};
/* End XCConfigurationList section */

/* Begin XCVersionGroup section */
		F91FDD6D1F02945100641B83 /* RecommendRestaurant2.xcdatamodeld */ = {
			isa = XCVersionGroup;
			children = (
				F91FDD6E1F02945100641B83 /* RecommendRestaurant2.xcdatamodel */,
			);
			currentVersion = F91FDD6E1F02945100641B83 /* RecommendRestaurant2.xcdatamodel */;
			path = RecommendRestaurant2.xcdatamodeld;
			sourceTree = "<group>";
			versionGroupType = wrapper.xcdatamodel;
		};
/* End XCVersionGroup section */
	};
	rootObject = F91FDD5B1F02945100641B83 /* Project object */;
}
